
Microsoft Visual Studio Solution File, Format Version 12.00
# Visual Studio Version 17
VisualStudioVersion = 17.14.36301.6
MinimumVisualStudioVersion = 10.0.40219.1
Project("{FAE04EC0-301F-11D3-BF4B-00C04F79EFBC}") = "NativeNotification", "NativeNotification\NativeNotification.csproj", "{27B9C764-03AA-46BA-A422-7BB2BE1A4D64}"
EndProject
Project("{FAE04EC0-301F-11D3-BF4B-00C04F79EFBC}") = "NativeNotification.Example", "NativeNotification.Example\NativeNotification.Example.csproj", "{1C1BC70B-7A3F-404A-9D25-4C84AF8731E9}"
EndProject
Project("{FAE04EC0-301F-11D3-BF4B-00C04F79EFBC}") = "NativeNotification.Interface", "NativeNotification.Interface\NativeNotification.Interface.csproj", "{A5DFCC02-3D09-4539-B387-7F84B9B54848}"
EndProject
Project("{2150E333-8FDC-42A3-9474-1A3956D46DE8}") = "Solution Items", "Solution Items", "{9FA3D6BD-1EC1-3BA5-80CB-CE02773A58D5}"
	ProjectSection(SolutionItems) = preProject
		..\Changes.md = ..\Changes.md
		build\Description.props = build\Description.props
	EndProjectSection
EndProject
Global
	GlobalSection(SolutionConfigurationPlatforms) = preSolution
		Debug|Any CPU = Debug|Any CPU
		Release|Any CPU = Release|Any CPU
	EndGlobalSection
	GlobalSection(ProjectConfigurationPlatforms) = postSolution
		{27B9C764-03AA-46BA-A422-7BB2BE1A4D64}.Debug|Any CPU.ActiveCfg = Debug|Any CPU
		{27B9C764-03AA-46BA-A422-7BB2BE1A4D64}.Debug|Any CPU.Build.0 = Debug|Any CPU
		{27B9C764-03AA-46BA-A422-7BB2BE1A4D64}.Release|Any CPU.ActiveCfg = Release|Any CPU
		{27B9C764-03AA-46BA-A422-7BB2BE1A4D64}.Release|Any CPU.Build.0 = Release|Any CPU
		{1C1BC70B-7A3F-404A-9D25-4C84AF8731E9}.Debug|Any CPU.ActiveCfg = Debug|Any CPU
		{1C1BC70B-7A3F-404A-9D25-4C84AF8731E9}.Debug|Any CPU.Build.0 = Debug|Any CPU
		{1C1BC70B-7A3F-404A-9D25-4C84AF8731E9}.Release|Any CPU.ActiveCfg = Release|Any CPU
		{1C1BC70B-7A3F-404A-9D25-4C84AF8731E9}.Release|Any CPU.Build.0 = Release|Any CPU
		{A5DFCC02-3D09-4539-B387-7F84B9B54848}.Debug|Any CPU.ActiveCfg = Debug|Any CPU
		{A5DFCC02-3D09-4539-B387-7F84B9B54848}.Debug|Any CPU.Build.0 = Debug|Any CPU
		{A5DFCC02-3D09-4539-B387-7F84B9B54848}.Release|Any CPU.ActiveCfg = Release|Any CPU
		{A5DFCC02-3D09-4539-B387-7F84B9B54848}.Release|Any CPU.Build.0 = Release|Any CPU
	EndGlobalSection
	GlobalSection(SolutionProperties) = preSolution
		HideSolutionNode = FALSE
	EndGlobalSection
	GlobalSection(ExtensibilityGlobals) = postSolution
		SolutionGuid = {F8A327C7-3DBF-4292-908D-E655B15F2838}
	EndGlobalSection
EndGlobal
